
Microsoft Visual Studio Solution File, Format Version 12.00
Project("{FAE04EC0-301F-11D3-BF4B-00C04F79EFBC}") = "LawnKeeper.Web", "LawnKeeper.Web\LawnKeeper.Web.csproj", "{C84A46DA-64C6-4351-A34A-5EC18CAC1893}"
EndProject
Project("{FAE04EC0-301F-11D3-BF4B-00C04F79EFBC}") = "LawnKeeper.Domain", "LawnKeeper.Domain\LawnKeeper.Domain.csproj", "{B588E843-F255-4D47-AC23-CF4CB2211557}"
EndProject
Project("{FAE04EC0-301F-11D3-BF4B-00C04F79EFBC}") = "LawnKeeper.DAL", "LawnKeeper.DAL\LawnKeeper.DAL.csproj", "{3DE68C84-0F06-43F5-92F9-512BBFF22C63}"
EndProject
Project("{FAE04EC0-301F-11D3-BF4B-00C04F79EFBC}") = "LawnKeeper.ConsoleTest", "LawnKeeper.ConsoleTest\LawnKeeper.ConsoleTest.csproj", "{6460B282-963E-4A27-9328-6BEC8E9FB0D6}"
EndProject
Project("{FAE04EC0-301F-11D3-BF4B-00C04F79EFBC}") = "LawnKeeper.Services", "LawnKeeper.Services\LawnKeeper.Services.csproj", "{0F570E1C-2B19-4E24-804F-72592FBDE7E6}"
EndProject
Project("{2150E333-8FDC-42A3-9474-1A3956D46DE8}") = "src", "src", "{072C0B2C-EDAE-415F-849E-43F470387EF4}"
EndProject
Project("{2150E333-8FDC-42A3-9474-1A3956D46DE8}") = "test", "test", "{FDC98B32-9A90-4710-AFF6-2AA9E1BE4A40}"
EndProject
Project("{FAE04EC0-301F-11D3-BF4B-00C04F79EFBC}") = "LawnKeeper.Contract", "LawnKeeper.Contract\LawnKeeper.Contract.csproj", "{9057AD81-1348-459C-8437-87D5AFE09D46}"
EndProject
Global
	GlobalSection(SolutionConfigurationPlatforms) = preSolution
		Debug|Any CPU = Debug|Any CPU
		Release|Any CPU = Release|Any CPU
	EndGlobalSection
	GlobalSection(ProjectConfigurationPlatforms) = postSolution
		{C84A46DA-64C6-4351-A34A-5EC18CAC1893}.Debug|Any CPU.ActiveCfg = Debug|Any CPU
		{C84A46DA-64C6-4351-A34A-5EC18CAC1893}.Debug|Any CPU.Build.0 = Debug|Any CPU
		{C84A46DA-64C6-4351-A34A-5EC18CAC1893}.Release|Any CPU.ActiveCfg = Release|Any CPU
		{C84A46DA-64C6-4351-A34A-5EC18CAC1893}.Release|Any CPU.Build.0 = Release|Any CPU
		{B588E843-F255-4D47-AC23-CF4CB2211557}.Debug|Any CPU.ActiveCfg = Debug|Any CPU
		{B588E843-F255-4D47-AC23-CF4CB2211557}.Debug|Any CPU.Build.0 = Debug|Any CPU
		{B588E843-F255-4D47-AC23-CF4CB2211557}.Release|Any CPU.ActiveCfg = Release|Any CPU
		{B588E843-F255-4D47-AC23-CF4CB2211557}.Release|Any CPU.Build.0 = Release|Any CPU
		{3DE68C84-0F06-43F5-92F9-512BBFF22C63}.Debug|Any CPU.ActiveCfg = Debug|Any CPU
		{3DE68C84-0F06-43F5-92F9-512BBFF22C63}.Debug|Any CPU.Build.0 = Debug|Any CPU
		{3DE68C84-0F06-43F5-92F9-512BBFF22C63}.Release|Any CPU.ActiveCfg = Release|Any CPU
		{3DE68C84-0F06-43F5-92F9-512BBFF22C63}.Release|Any CPU.Build.0 = Release|Any CPU
		{6460B282-963E-4A27-9328-6BEC8E9FB0D6}.Debug|Any CPU.ActiveCfg = Debug|Any CPU
		{6460B282-963E-4A27-9328-6BEC8E9FB0D6}.Debug|Any CPU.Build.0 = Debug|Any CPU
		{6460B282-963E-4A27-9328-6BEC8E9FB0D6}.Release|Any CPU.ActiveCfg = Release|Any CPU
		{6460B282-963E-4A27-9328-6BEC8E9FB0D6}.Release|Any CPU.Build.0 = Release|Any CPU
		{0F570E1C-2B19-4E24-804F-72592FBDE7E6}.Debug|Any CPU.ActiveCfg = Debug|Any CPU
		{0F570E1C-2B19-4E24-804F-72592FBDE7E6}.Debug|Any CPU.Build.0 = Debug|Any CPU
		{0F570E1C-2B19-4E24-804F-72592FBDE7E6}.Release|Any CPU.ActiveCfg = Release|Any CPU
		{0F570E1C-2B19-4E24-804F-72592FBDE7E6}.Release|Any CPU.Build.0 = Release|Any CPU
		{9057AD81-1348-459C-8437-87D5AFE09D46}.Debug|Any CPU.ActiveCfg = Debug|Any CPU
		{9057AD81-1348-459C-8437-87D5AFE09D46}.Debug|Any CPU.Build.0 = Debug|Any CPU
		{9057AD81-1348-459C-8437-87D5AFE09D46}.Release|Any CPU.ActiveCfg = Release|Any CPU
		{9057AD81-1348-459C-8437-87D5AFE09D46}.Release|Any CPU.Build.0 = Release|Any CPU
	EndGlobalSection
	GlobalSection(NestedProjects) = preSolution
		{3DE68C84-0F06-43F5-92F9-512BBFF22C63} = {072C0B2C-EDAE-415F-849E-43F470387EF4}
		{B588E843-F255-4D47-AC23-CF4CB2211557} = {072C0B2C-EDAE-415F-849E-43F470387EF4}
		{0F570E1C-2B19-4E24-804F-72592FBDE7E6} = {072C0B2C-EDAE-415F-849E-43F470387EF4}
		{C84A46DA-64C6-4351-A34A-5EC18CAC1893} = {072C0B2C-EDAE-415F-849E-43F470387EF4}
		{6460B282-963E-4A27-9328-6BEC8E9FB0D6} = {FDC98B32-9A90-4710-AFF6-2AA9E1BE4A40}
		{9057AD81-1348-459C-8437-87D5AFE09D46} = {072C0B2C-EDAE-415F-849E-43F470387EF4}
	EndGlobalSection
EndGlobal
